
Microsoft Visual Studio Solution File, Format Version 12.00
# Visual Studio Version 17
VisualStudioVersion = 17.3.32428.236
MinimumVisualStudioVersion = 10.0.40219.1
Project("{FAE04EC0-301F-11D3-BF4B-00C04F79EFBC}") = "WebApplication31", "WebApplication31\WebApplication31.csproj", "{DD7A0E9B-1D36-4C9F-A952-7B61AF296D6D}"
EndProject
Global
	GlobalSection(SolutionConfigurationPlatforms) = preSolution
		Debug|Any CPU = Debug|Any CPU
		Release|Any CPU = Release|Any CPU
	EndGlobalSection
	GlobalSection(ProjectConfigurationPlatforms) = postSolution
		{DD7A0E9B-1D36-4C9F-A952-7B61AF296D6D}.Debug|Any CPU.ActiveCfg = Debug|Any CPU
		{DD7A0E9B-1D36-4C9F-A952-7B61AF296D6D}.Debug|Any CPU.Build.0 = Debug|Any CPU
		{DD7A0E9B-1D36-4C9F-A952-7B61AF296D6D}.Release|Any CPU.ActiveCfg = Release|Any CPU
		{DD7A0E9B-1D36-4C9F-A952-7B61AF296D6D}.Release|Any CPU.Build.0 = Release|Any CPU
	EndGlobalSection
	GlobalSection(SolutionProperties) = preSolution
		HideSolutionNode = FALSE
	EndGlobalSection
	GlobalSection(ExtensibilityGlobals) = postSolution
		SolutionGuid = {25CE0696-2689-4996-B4EF-34C18F7AB8BB}
	EndGlobalSection
EndGlobal
